
Microsoft Visual Studio Solution File, Format Version 12.00
# Visual Studio Version 17
VisualStudioVersion = 17.3.32825.248
MinimumVisualStudioVersion = 10.0.40219.1
Project("{FAE04EC0-301F-11D3-BF4B-00C04F79EFBC}") = "graphql_api", "graphql_api.csproj", "{EFEB029B-9BA8-4DB5-89F8-30EE6566E628}"
EndProject
Global
	GlobalSection(SolutionConfigurationPlatforms) = preSolution
		Debug|Any CPU = Debug|Any CPU
		Release|Any CPU = Release|Any CPU
	EndGlobalSection
	GlobalSection(ProjectConfigurationPlatforms) = postSolution
		{EFEB029B-9BA8-4DB5-89F8-30EE6566E628}.Debug|Any CPU.ActiveCfg = Debug|Any CPU
		{EFEB029B-9BA8-4DB5-89F8-30EE6566E628}.Debug|Any CPU.Build.0 = Debug|Any CPU
		{EFEB029B-9BA8-4DB5-89F8-30EE6566E628}.Release|Any CPU.ActiveCfg = Release|Any CPU
		{EFEB029B-9BA8-4DB5-89F8-30EE6566E628}.Release|Any CPU.Build.0 = Release|Any CPU
	EndGlobalSection
	GlobalSection(SolutionProperties) = preSolution
		HideSolutionNode = FALSE
	EndGlobalSection
	GlobalSection(ExtensibilityGlobals) = postSolution
		SolutionGuid = {5D533491-B670-43EF-9983-D9EA08929EFC}
	EndGlobalSection
EndGlobal
